
Microsoft Visual Studio Solution File, Format Version 12.00
# Visual Studio Version 16
VisualStudioVersion = 16.0.31005.135
MinimumVisualStudioVersion = 10.0.40219.1
Project("{FAE04EC0-301F-11D3-BF4B-00C04F79EFBC}") = "BookList", "BookList\BookList.csproj", "{940A89D2-4F34-4C54-B636-1D880DE92C11}"
EndProject
Global
	GlobalSection(SolutionConfigurationPlatforms) = preSolution
		Debug|Any CPU = Debug|Any CPU
		Release|Any CPU = Release|Any CPU
	EndGlobalSection
	GlobalSection(ProjectConfigurationPlatforms) = postSolution
		{940A89D2-4F34-4C54-B636-1D880DE92C11}.Debug|Any CPU.ActiveCfg = Debug|Any CPU
		{940A89D2-4F34-4C54-B636-1D880DE92C11}.Debug|Any CPU.Build.0 = Debug|Any CPU
		{940A89D2-4F34-4C54-B636-1D880DE92C11}.Release|Any CPU.ActiveCfg = Release|Any CPU
		{940A89D2-4F34-4C54-B636-1D880DE92C11}.Release|Any CPU.Build.0 = Release|Any CPU
	EndGlobalSection
	GlobalSection(SolutionProperties) = preSolution
		HideSolutionNode = FALSE
	EndGlobalSection
	GlobalSection(ExtensibilityGlobals) = postSolution
		SolutionGuid = {C9B3F9D4-8F9E-4BB1-A9AE-28C3733ADFDB}
	EndGlobalSection
EndGlobal
